
Microsoft Visual Studio Solution File, Format Version 12.00
# Visual Studio Version 17
VisualStudioVersion = 17.1.32210.238
MinimumVisualStudioVersion = 10.0.40219.1
Project("{FAE04EC0-301F-11D3-BF4B-00C04F79EFBC}") = "Islem", "Islem.csproj", "{B273D551-0503-4FA2-942B-EBF7D43F7DFB}"
EndProject
Global
	GlobalSection(SolutionConfigurationPlatforms) = preSolution
		Debug|Any CPU = Debug|Any CPU
		Release|Any CPU = Release|Any CPU
	EndGlobalSection
	GlobalSection(ProjectConfigurationPlatforms) = postSolution
		{B273D551-0503-4FA2-942B-EBF7D43F7DFB}.Debug|Any CPU.ActiveCfg = Debug|Any CPU
		{B273D551-0503-4FA2-942B-EBF7D43F7DFB}.Debug|Any CPU.Build.0 = Debug|Any CPU
		{B273D551-0503-4FA2-942B-EBF7D43F7DFB}.Release|Any CPU.ActiveCfg = Release|Any CPU
		{B273D551-0503-4FA2-942B-EBF7D43F7DFB}.Release|Any CPU.Build.0 = Release|Any CPU
	EndGlobalSection
	GlobalSection(SolutionProperties) = preSolution
		HideSolutionNode = FALSE
	EndGlobalSection
	GlobalSection(ExtensibilityGlobals) = postSolution
		SolutionGuid = {1AC2F5F8-7BC5-4AF1-8605-C6605F56D0AB}
	EndGlobalSection
EndGlobal
